github.com/wzshiming/crun v0.3.3 h1:Vy3kp+KKfNnkxM+thmiv6HkSsviupMZEI31HtoVZpeY=
github.com/wzshiming/crun v0.3.3/go.mod h1:iYiD/hU/91oBohiLF/F5nGoLlDsHCnp1FCh8WozXayk=
github.com/wzshiming/trie v0.0.1 h1:6xnhRyO5tZWR6aKjEpFfm8KSNNHYsNbpKrY1+NdyHME=
github.com/wzshiming/trie v0.0.1/go.mod h1:Z20IrQFTHnjWz//dssIoiEPWInBZFyuFlPOFPxV0Rec=
